// !$*UTF8*$!
{
	archiveVersion = 1;
	classes = {
	};
	objectVersion = 56;
	objects = {

/* Begin PBXBuildFile section */
		2308EF1829A4493F00BFCB52 /* Items.swift in Sources */ = {isa = PBXBuildFile; fileRef = 2308EF1729A4493F00BFCB52 /* Items.swift */; };
		2346DD7829AB2CBF00D9559E /* Wishes.swift in Sources */ = {isa = PBXBuildFile; fileRef = 2346DD7729AB2CBF00D9559E /* Wishes.swift */; };
		2346DD7A29ABF9AA00D9559E /* Clothes.swift in Sources */ = {isa = PBXBuildFile; fileRef = 2346DD7929ABF9AA00D9559E /* Clothes.swift */; };
		2346DD7C29ABF9B700D9559E /* Wigs.swift in Sources */ = {isa = PBXBuildFile; fileRef = 2346DD7B29ABF9B700D9559E /* Wigs.swift */; };
		2346DD7E29ABF9D000D9559E /* Eyes.swift in Sources */ = {isa = PBXBuildFile; fileRef = 2346DD7D29ABF9D000D9559E /* Eyes.swift */; };
		236B766129B56FC20007A731 /* Doll_wishes.swift in Sources */ = {isa = PBXBuildFile; fileRef = 236B766029B56FC20007A731 /* Doll_wishes.swift */; };
		236B766329B570260007A731 /* Services.swift in Sources */ = {isa = PBXBuildFile; fileRef = 236B766229B570260007A731 /* Services.swift */; };
		236B766529B570460007A731 /* Wig_wishes.swift in Sources */ = {isa = PBXBuildFile; fileRef = 236B766429B570460007A731 /* Wig_wishes.swift */; };
		236B766729B570540007A731 /* Eye_wishes.swift in Sources */ = {isa = PBXBuildFile; fileRef = 236B766629B570540007A731 /* Eye_wishes.swift */; };
		236B766929B570680007A731 /* Clothes_wishes.swift in Sources */ = {isa = PBXBuildFile; fileRef = 236B766829B570680007A731 /* Clothes_wishes.swift */; };
		23F1F97C2991F8DE00B30AA7 /* DollVaultApp.swift in Sources */ = {isa = PBXBuildFile; fileRef = 23F1F97B2991F8DE00B30AA7 /* DollVaultApp.swift */; };
		23F1F97E2991F8DE00B30AA7 /* DollVault.swift in Sources */ = {isa = PBXBuildFile; fileRef = 23F1F97D2991F8DE00B30AA7 /* DollVault.swift */; };
		23F1F9802991F8E000B30AA7 /* Assets.xcassets in Resources */ = {isa = PBXBuildFile; fileRef = 23F1F97F2991F8E000B30AA7 /* Assets.xcassets */; };
		23F1F9832991F8E000B30AA7 /* Preview Assets.xcassets in Resources */ = {isa = PBXBuildFile; fileRef = 23F1F9822991F8E000B30AA7 /* Preview Assets.xcassets */; };
		23F1F98C2991FD6A00B30AA7 /* Dolls.swift in Sources */ = {isa = PBXBuildFile; fileRef = 23F1F98B2991FD6A00B30AA7 /* Dolls.swift */; };
/* End PBXBuildFile section */

/* Begin PBXFileReference section */
		2308EF1729A4493F00BFCB52 /* Items.swift */ = {isa = PBXFileReference; lastKnownFileType = sourcecode.swift; path = Items.swift; sourceTree = "<group>"; };
		2346DD7729AB2CBF00D9559E /* Wishes.swift */ = {isa = PBXFileReference; lastKnownFileType = sourcecode.swift; path = Wishes.swift; sourceTree = "<group>"; };
		2346DD7929ABF9AA00D9559E /* Clothes.swift */ = {isa = PBXFileReference; lastKnownFileType = sourcecode.swift; path = Clothes.swift; sourceTree = "<group>"; };
		2346DD7B29ABF9B700D9559E /* Wigs.swift */ = {isa = PBXFileReference; lastKnownFileType = sourcecode.swift; path = Wigs.swift; sourceTree = "<group>"; };
		2346DD7D29ABF9D000D9559E /* Eyes.swift */ = {isa = PBXFileReference; lastKnownFileType = sourcecode.swift; path = Eyes.swift; sourceTree = "<group>"; };
		236B766029B56FC20007A731 /* Doll_wishes.swift */ = {isa = PBXFileReference; lastKnownFileType = sourcecode.swift; path = Doll_wishes.swift; sourceTree = "<group>"; };
		236B766229B570260007A731 /* Services.swift */ = {isa = PBXFileReference; lastKnownFileType = sourcecode.swift; path = Services.swift; sourceTree = "<group>"; };
		236B766429B570460007A731 /* Wig_wishes.swift */ = {isa = PBXFileReference; lastKnownFileType = sourcecode.swift; path = Wig_wishes.swift; sourceTree = "<group>"; };
		236B766629B570540007A731 /* Eye_wishes.swift */ = {isa = PBXFileReference; lastKnownFileType = sourcecode.swift; path = Eye_wishes.swift; sourceTree = "<group>"; };
		236B766829B570680007A731 /* Clothes_wishes.swift */ = {isa = PBXFileReference; lastKnownFileType = sourcecode.swift; path = Clothes_wishes.swift; sourceTree = "<group>"; };
		23F1F9782991F8DE00B30AA7 /* DollVault.app */ = {isa = PBXFileReference; explicitFileType = wrapper.application; includeInIndex = 0; path = DollVault.app; sourceTree = BUILT_PRODUCTS_DIR; };
		23F1F97B2991F8DE00B30AA7 /* DollVaultApp.swift */ = {isa = PBXFileReference; lastKnownFileType = sourcecode.swift; path = DollVaultApp.swift; sourceTree = "<group>"; };
		23F1F97D2991F8DE00B30AA7 /* DollVault.swift */ = {isa = PBXFileReference; lastKnownFileType = sourcecode.swift; path = DollVault.swift; sourceTree = "<group>"; };
		23F1F97F2991F8E000B30AA7 /* Assets.xcassets */ = {isa = PBXFileReference; lastKnownFileType = folder.assetcatalog; path = Assets.xcassets; sourceTree = "<group>"; };
		23F1F9822991F8E000B30AA7 /* Preview Assets.xcassets */ = {isa = PBXFileReference; lastKnownFileType = folder.assetcatalog; path = "Preview Assets.xcassets"; sourceTree = "<group>"; };
		23F1F98B2991FD6A00B30AA7 /* Dolls.swift */ = {isa = PBXFileReference; lastKnownFileType = sourcecode.swift; path = Dolls.swift; sourceTree = "<group>"; };
		23F1F98D2991FE5D00B30AA7 /* DollVault.entitlements */ = {isa = PBXFileReference; lastKnownFileType = text.plist.entitlements; path = DollVault.entitlements; sourceTree = "<group>"; };
/* End PBXFileReference section */

/* Begin PBXFrameworksBuildPhase section */
		23F1F9752991F8DE00B30AA7 /* Frameworks */ = {
			isa = PBXFrameworksBuildPhase;
			buildActionMask = 2147483647;
			files = (
			);
			runOnlyForDeploymentPostprocessing = 0;
		};
/* End PBXFrameworksBuildPhase section */

/* Begin PBXGroup section */
		23F1F96F2991F8DE00B30AA7 = {
			isa = PBXGroup;
			children = (
				23F1F97A2991F8DE00B30AA7 /* DollVault */,
				23F1F9792991F8DE00B30AA7 /* Products */,
			);
			sourceTree = "<group>";
		};
		23F1F9792991F8DE00B30AA7 /* Products */ = {
			isa = PBXGroup;
			children = (
				23F1F9782991F8DE00B30AA7 /* DollVault.app */,
			);
			name = Products;
			sourceTree = "<group>";
		};
		23F1F97A2991F8DE00B30AA7 /* DollVault */ = {
			isa = PBXGroup;
			children = (
				23F1F98D2991FE5D00B30AA7 /* DollVault.entitlements */,
				236B766829B570680007A731 /* Clothes_wishes.swift */,
				236B766629B570540007A731 /* Eye_wishes.swift */,
				236B766429B570460007A731 /* Wig_wishes.swift */,
				236B766229B570260007A731 /* Services.swift */,
				236B766029B56FC20007A731 /* Doll_wishes.swift */,
				23F1F97B2991F8DE00B30AA7 /* DollVaultApp.swift */,
				2346DD7929ABF9AA00D9559E /* Clothes.swift */,
				2346DD7B29ABF9B700D9559E /* Wigs.swift */,
				2346DD7D29ABF9D000D9559E /* Eyes.swift */,
				23F1F98B2991FD6A00B30AA7 /* Dolls.swift */,
				23F1F97D2991F8DE00B30AA7 /* DollVault.swift */,
				2308EF1729A4493F00BFCB52 /* Items.swift */,
				2346DD7729AB2CBF00D9559E /* Wishes.swift */,
				23F1F97F2991F8E000B30AA7 /* Assets.xcassets */,
				23F1F9812991F8E000B30AA7 /* Preview Content */,
			);
			path = DollVault;
			sourceTree = "<group>";
		};
		23F1F9812991F8E000B30AA7 /* Preview Content */ = {
			isa = PBXGroup;
			children = (
				23F1F9822991F8E000B30AA7 /* Preview Assets.xcassets */,
			);
			path = "Preview Content";
			sourceTree = "<group>";
		};
/* End PBXGroup section */

/* Begin PBXNativeTarget section */
		23F1F9772991F8DE00B30AA7 /* DollVault */ = {
			isa = PBXNativeTarget;
			buildConfigurationList = 23F1F9862991F8E000B30AA7 /* Build configuration list for PBXNativeTarget "DollVault" */;
			buildPhases = (
				23F1F9742991F8DE00B30AA7 /* Sources */,
				23F1F9752991F8DE00B30AA7 /* Frameworks */,
				23F1F9762991F8DE00B30AA7 /* Resources */,
			);
			buildRules = (
			);
			dependencies = (
			);
			name = DollVault;
			productName = DollVault;
			productReference = 23F1F9782991F8DE00B30AA7 /* DollVault.app */;
			productType = "com.apple.product-type.application";
		};
/* End PBXNativeTarget section */

/* Begin PBXProject section */
		23F1F9702991F8DE00B30AA7 /* Project object */ = {
			isa = PBXProject;
			attributes = {
				BuildIndependentTargetsInParallel = 1;
				LastSwiftUpdateCheck = 1420;
				LastUpgradeCheck = 1420;
				TargetAttributes = {
					23F1F9772991F8DE00B30AA7 = {
						CreatedOnToolsVersion = 14.2;
					};
				};
			};
			buildConfigurationList = 23F1F9732991F8DE00B30AA7 /* Build configuration list for PBXProject "DollVault" */;
			compatibilityVersion = "Xcode 14.0";
			developmentRegion = en;
			hasScannedForEncodings = 0;
			knownRegions = (
				en,
				Base,
			);
			mainGroup = 23F1F96F2991F8DE00B30AA7;
			productRefGroup = 23F1F9792991F8DE00B30AA7 /* Products */;
			projectDirPath = "";
			projectRoot = "";
			targets = (
				23F1F9772991F8DE00B30AA7 /* DollVault */,
			);
		};
/* End PBXProject section */

/* Begin PBXResourcesBuildPhase section */
		23F1F9762991F8DE00B30AA7 /* Resources */ = {
			isa = PBXResourcesBuildPhase;
			buildActionMask = 2147483647;
			files = (
				23F1F9832991F8E000B30AA7 /* Preview Assets.xcassets in Resources */,
				23F1F9802991F8E000B30AA7 /* Assets.xcassets in Resources */,
			);
			runOnlyForDeploymentPostprocessing = 0;
		};
/* End PBXResourcesBuildPhase section */

/* Begin PBXSourcesBuildPhase section */
		23F1F9742991F8DE00B30AA7 /* Sources */ = {
			isa = PBXSourcesBuildPhase;
			buildActionMask = 2147483647;
			files = (
				236B766729B570540007A731 /* Eye_wishes.swift in Sources */,
				2346DD7A29ABF9AA00D9559E /* Clothes.swift in Sources */,
				23F1F98C2991FD6A00B30AA7 /* Dolls.swift in Sources */,
				236B766529B570460007A731 /* Wig_wishes.swift in Sources */,
				2308EF1829A4493F00BFCB52 /* Items.swift in Sources */,
				2346DD7E29ABF9D000D9559E /* Eyes.swift in Sources */,
				23F1F97E2991F8DE00B30AA7 /* DollVault.swift in Sources */,
				236B766329B570260007A731 /* Services.swift in Sources */,
				23F1F97C2991F8DE00B30AA7 /* DollVaultApp.swift in Sources */,
				2346DD7829AB2CBF00D9559E /* Wishes.swift in Sources */,
				236B766929B570680007A731 /* Clothes_wishes.swift in Sources */,
				2346DD7C29ABF9B700D9559E /* Wigs.swift in Sources */,
				236B766129B56FC20007A731 /* Doll_wishes.swift in Sources */,
			);
			runOnlyForDeploymentPostprocessing = 0;
		};
/* End PBXSourcesBuildPhase section */

/* Begin XCBuildConfiguration section */
		23F1F9842991F8E000B30AA7 /* Debug */ = {
			isa = XCBuildConfiguration;
			buildSettings = {
				ALWAYS_SEARCH_USER_PATHS = NO;
				CLANG_ANALYZER_NONNULL = YES;
				CLANG_ANALYZER_NUMBER_OBJECT_CONVERSION = YES_AGGRESSIVE;
				CLANG_CXX_LANGUAGE_STANDARD = "gnu++20";
				CLANG_ENABLE_MODULES = YES;
				CLANG_ENABLE_OBJC_ARC = YES;
				CLANG_ENABLE_OBJC_WEAK = YES;
				CLANG_WARN_BLOCK_CAPTURE_AUTORELEASING = YES;
				CLANG_WARN_BOOL_CONVERSION = YES;
				CLANG_WARN_COMMA = YES;
				CLANG_WARN_CONSTANT_CONVERSION = YES;
				CLANG_WARN_DEPRECATED_OBJC_IMPLEMENTATIONS = YES;
				CLANG_WARN_DIRECT_OBJC_ISA_USAGE = YES_ERROR;
				CLANG_WARN_DOCUMENTATION_COMMENTS = YES;
				CLANG_WARN_EMPTY_BODY = YES;
				CLANG_WARN_ENUM_CONVERSION = YES;
				CLANG_WARN_INFINITE_RECURSION = YES;
				CLANG_WARN_INT_CONVERSION = YES;
				CLANG_WARN_NON_LITERAL_NULL_CONVERSION = YES;
				CLANG_WARN_OBJC_IMPLICIT_RETAIN_SELF = YES;
				CLANG_WARN_OBJC_LITERAL_CONVERSION = YES;
				CLANG_WARN_OBJC_ROOT_CLASS = YES_ERROR;
				CLANG_WARN_QUOTED_INCLUDE_IN_FRAMEWORK_HEADER = YES;
				CLANG_WARN_RANGE_LOOP_ANALYSIS = YES;
				CLANG_WARN_STRICT_PROTOTYPES = YES;
				CLANG_WARN_SUSPICIOUS_MOVE = YES;
				CLANG_WARN_UNGUARDED_AVAILABILITY = YES_AGGRESSIVE;
				CLANG_WARN_UNREACHABLE_CODE = YES;
				CLANG_WARN__DUPLICATE_METHOD_MATCH = YES;
				COPY_PHASE_STRIP = NO;
				DEBUG_INFORMATION_FORMAT = dwarf;
				ENABLE_STRICT_OBJC_MSGSEND = YES;
				ENABLE_TESTABILITY = YES;
				GCC_C_LANGUAGE_STANDARD = gnu11;
				GCC_DYNAMIC_NO_PIC = NO;
				GCC_NO_COMMON_BLOCKS = YES;
				GCC_OPTIMIZATION_LEVEL = 0;
				GCC_PREPROCESSOR_DEFINITIONS = (
					"DEBUG=1",
					"$(inherited)",
				);
				GCC_WARN_64_TO_32_BIT_CONVERSION = YES;
				GCC_WARN_ABOUT_RETURN_TYPE = YES_ERROR;
				GCC_WARN_UNDECLARED_SELECTOR = YES;
				GCC_WARN_UNINITIALIZED_AUTOS = YES_AGGRESSIVE;
				GCC_WARN_UNUSED_FUNCTION = YES;
				GCC_WARN_UNUSED_VARIABLE = YES;
				IPHONEOS_DEPLOYMENT_TARGET = 16.2;
				MTL_ENABLE_DEBUG_INFO = INCLUDE_SOURCE;
				MTL_FAST_MATH = YES;
				ONLY_ACTIVE_ARCH = YES;
				SDKROOT = iphoneos;
				SWIFT_ACTIVE_COMPILATION_CONDITIONS = DEBUG;
				SWIFT_OPTIMIZATION_LEVEL = "-Onone";
			};
			name = Debug;
		};
		23F1F9852991F8E000B30AA7 /* Release */ = {
			isa = XCBuildConfiguration;
			buildSettings = {
				ALWAYS_SEARCH_USER_PATHS = NO;
				CLANG_ANALYZER_NONNULL = YES;
				CLANG_ANALYZER_NUMBER_OBJECT_CONVERSION = YES_AGGRESSIVE;
				CLANG_CXX_LANGUAGE_STANDARD = "gnu++20";
				CLANG_ENABLE_MODULES = YES;
				CLANG_ENABLE_OBJC_ARC = YES;
				CLANG_ENABLE_OBJC_WEAK = YES;
				CLANG_WARN_BLOCK_CAPTURE_AUTORELEASING = YES;
				CLANG_WARN_BOOL_CONVERSION = YES;
				CLANG_WARN_COMMA = YES;
				CLANG_WARN_CONSTANT_CONVERSION = YES;
				CLANG_WARN_DEPRECATED_OBJC_IMPLEMENTATIONS = YES;
				CLANG_WARN_DIRECT_OBJC_ISA_USAGE = YES_ERROR;
				CLANG_WARN_DOCUMENTATION_COMMENTS = YES;
				CLANG_WARN_EMPTY_BODY = YES;
				CLANG_WARN_ENUM_CONVERSION = YES;
				CLANG_WARN_INFINITE_RECURSION = YES;
				CLANG_WARN_INT_CONVERSION = YES;
				CLANG_WARN_NON_LITERAL_NULL_CONVERSION = YES;
				CLANG_WARN_OBJC_IMPLICIT_RETAIN_SELF = YES;
				CLANG_WARN_OBJC_LITERAL_CONVERSION = YES;
				CLANG_WARN_OBJC_ROOT_CLASS = YES_ERROR;
				CLANG_WARN_QUOTED_INCLUDE_IN_FRAMEWORK_HEADER = YES;
				CLANG_WARN_RANGE_LOOP_ANALYSIS = YES;
				CLANG_WARN_STRICT_PROTOTYPES = YES;
				CLANG_WARN_SUSPICIOUS_MOVE = YES;
				CLANG_WARN_UNGUARDED_AVAILABILITY = YES_AGGRESSIVE;
				CLANG_WARN_UNREACHABLE_CODE = YES;
				CLANG_WARN__DUPLICATE_METHOD_MATCH = YES;
				COPY_PHASE_STRIP = NO;
				DEBUG_INFORMATION_FORMAT = "dwarf-with-dsym";
				ENABLE_NS_ASSERTIONS = NO;
				ENABLE_STRICT_OBJC_MSGSEND = YES;
				GCC_C_LANGUAGE_STANDARD = gnu11;
				GCC_NO_COMMON_BLOCKS = YES;
				GCC_WARN_64_TO_32_BIT_CONVERSION = YES;
				GCC_WARN_ABOUT_RETURN_TYPE = YES_ERROR;
				GCC_WARN_UNDECLARED_SELECTOR = YES;
				GCC_WARN_UNINITIALIZED_AUTOS = YES_AGGRESSIVE;
				GCC_WARN_UNUSED_FUNCTION = YES;
				GCC_WARN_UNUSED_VARIABLE = YES;
				IPHONEOS_DEPLOYMENT_TARGET = 16.2;
				MTL_ENABLE_DEBUG_INFO = NO;
				MTL_FAST_MATH = YES;
				SDKROOT = iphoneos;
				SWIFT_COMPILATION_MODE = wholemodule;
				SWIFT_OPTIMIZATION_LEVEL = "-O";
				VALIDATE_PRODUCT = YES;
			};
			name = Release;
		};
		23F1F9872991F8E000B30AA7 /* Debug */ = {
			isa = XCBuildConfiguration;
			buildSettings = {
				ASSETCATALOG_COMPILER_APPICON_NAME = AppIcon;
				ASSETCATALOG_COMPILER_GLOBAL_ACCENT_COLOR_NAME = AccentColor;
				CODE_SIGN_ENTITLEMENTS = DollVault/DollVault.entitlements;
				CODE_SIGN_STYLE = Automatic;
				CURRENT_PROJECT_VERSION = 1;
				DEVELOPMENT_ASSET_PATHS = "\"DollVault/Preview Content\"";
				DEVELOPMENT_TEAM = N2M9Q7FDAZ;
				ENABLE_PREVIEWS = YES;
				GENERATE_INFOPLIST_FILE = YES;
				INFOPLIST_KEY_UIApplicationSceneManifest_Generation = YES;
				INFOPLIST_KEY_UIApplicationSupportsIndirectInputEvents = YES;
				INFOPLIST_KEY_UILaunchScreen_Generation = YES;
				INFOPLIST_KEY_UISupportedInterfaceOrientations_iPad = "UIInterfaceOrientationPortrait UIInterfaceOrientationPortraitUpsideDown UIInterfaceOrientationLandscapeLeft UIInterfaceOrientationLandscapeRight";
				INFOPLIST_KEY_UISupportedInterfaceOrientations_iPhone = "UIInterfaceOrientationPortrait UIInterfaceOrientationLandscapeLeft UIInterfaceOrientationLandscapeRight";
				LD_RUNPATH_SEARCH_PATHS = (
					"$(inherited)",
					"@executable_path/Frameworks",
				);
				MARKETING_VERSION = 1.0;
				PRODUCT_BUNDLE_IDENTIFIER = DollsForDV1;
				PRODUCT_NAME = "$(TARGET_NAME)";
				SWIFT_EMIT_LOC_STRINGS = YES;
				SWIFT_VERSION = 5.0;
				TARGETED_DEVICE_FAMILY = "1,2";
			};
			name = Debug;
		};
		23F1F9882991F8E000B30AA7 /* Release */ = {
			isa = XCBuildConfiguration;
			buildSettings = {
				ASSETCATALOG_COMPILER_APPICON_NAME = AppIcon;
				ASSETCATALOG_COMPILER_GLOBAL_ACCENT_COLOR_NAME = AccentColor;
				CODE_SIGN_ENTITLEMENTS = DollVault/DollVault.entitlements;
				CODE_SIGN_STYLE = Automatic;
				CURRENT_PROJECT_VERSION = 1;
				DEVELOPMENT_ASSET_PATHS = "\"DollVault/Preview Content\"";
				DEVELOPMENT_TEAM = N2M9Q7FDAZ;
				ENABLE_PREVIEWS = YES;
				GENERATE_INFOPLIST_FILE = YES;
				INFOPLIST_KEY_UIApplicationSceneManifest_Generation = YES;
				INFOPLIST_KEY_UIApplicationSupportsIndirectInputEvents = YES;
				INFOPLIST_KEY_UILaunchScreen_Generation = YES;
				INFOPLIST_KEY_UISupportedInterfaceOrientations_iPad = "UIInterfaceOrientationPortrait UIInterfaceOrientationPortraitUpsideDown UIInterfaceOrientationLandscapeLeft UIInterfaceOrientationLandscapeRight";
				INFOPLIST_KEY_UISupportedInterfaceOrientations_iPhone = "UIInterfaceOrientationPortrait UIInterfaceOrientationLandscapeLeft UIInterfaceOrientationLandscapeRight";
				LD_RUNPATH_SEARCH_PATHS = (
					"$(inherited)",
					"@executable_path/Frameworks",
				);
				MARKETING_VERSION = 1.0;
				PRODUCT_BUNDLE_IDENTIFIER = DollsForDV1;
				PRODUCT_NAME = "$(TARGET_NAME)";
				SWIFT_EMIT_LOC_STRINGS = YES;
				SWIFT_VERSION = 5.0;
				TARGETED_DEVICE_FAMILY = "1,2";
			};
			name = Release;
		};
/* End XCBuildConfiguration section */

/* Begin XCConfigurationList section */
		23F1F9732991F8DE00B30AA7 /* Build configuration list for PBXProject "DollVault" */ = {
			isa = XCConfigurationList;
			buildConfigurations = (
				23F1F9842991F8E000B30AA7 /* Debug */,
				23F1F9852991F8E000B30AA7 /* Release */,
			);
			defaultConfigurationIsVisible = 0;
			defaultConfigurationName = Release;
		};
		23F1F9862991F8E000B30AA7 /* Build configuration list for PBXNativeTarget "DollVault" */ = {
			isa = XCConfigurationList;
			buildConfigurations = (
				23F1F9872991F8E000B30AA7 /* Debug */,
				23F1F9882991F8E000B30AA7 /* Release */,
			);
			defaultConfigurationIsVisible = 0;
			defaultConfigurationName = Release;
		};
/* End XCConfigurationList section */
	};
	rootObject = 23F1F9702991F8DE00B30AA7 /* Project object */;
}
